
Microsoft Visual Studio Solution File, Format Version 12.00
# Visual Studio Version 16
VisualStudioVersion = 16.0.30114.105
MinimumVisualStudioVersion = 10.0.40219.1
Project("{2150E333-8FDC-42A3-9474-1A3956D46DE8}") = "Source", "Source", "{F34C26F3-DD80-426D-BFC2-AF911AE363D1}"
EndProject
Project("{FAE04EC0-301F-11D3-BF4B-00C04F79EFBC}") = "StadionHQ.PostmanSync", "src\StadionHQ.PostmanSync\StadionHQ.PostmanSync.csproj", "{E43D8E94-864C-4BE8-B205-FF59AF63D77D}"
EndProject
Project("{FAE04EC0-301F-11D3-BF4B-00C04F79EFBC}") = "StadionHQ.PostmanSync.DevApi", "src\StadionHQ.PostmanSync.DevApi\StadionHQ.PostmanSync.DevApi.csproj", "{A6C38269-4C5E-4E29-B267-E63448569CF1}"
EndProject
Project("{2150E333-8FDC-42A3-9474-1A3956D46DE8}") = "Documentation", "Documentation", "{ED128150-DA55-4AD6-BAFE-B5B89CC4087F}"
	ProjectSection(SolutionItems) = preProject
		readme.md = readme.md
	EndProjectSection
EndProject
Project("{FAE04EC0-301F-11D3-BF4B-00C04F79EFBC}") = "TestHostedService", "TestHostedService\TestHostedService.csproj", "{971650AB-BB7E-4972-9507-79CECB2940A4}"
EndProject
Global
	GlobalSection(SolutionConfigurationPlatforms) = preSolution
		Debug|Any CPU = Debug|Any CPU
		Release|Any CPU = Release|Any CPU
	EndGlobalSection
	GlobalSection(SolutionProperties) = preSolution
		HideSolutionNode = FALSE
	EndGlobalSection
	GlobalSection(NestedProjects) = preSolution
		{E43D8E94-864C-4BE8-B205-FF59AF63D77D} = {F34C26F3-DD80-426D-BFC2-AF911AE363D1}
		{A6C38269-4C5E-4E29-B267-E63448569CF1} = {F34C26F3-DD80-426D-BFC2-AF911AE363D1}
		{971650AB-BB7E-4972-9507-79CECB2940A4} = {F34C26F3-DD80-426D-BFC2-AF911AE363D1}
	EndGlobalSection
	GlobalSection(ProjectConfigurationPlatforms) = postSolution
		{E43D8E94-864C-4BE8-B205-FF59AF63D77D}.Debug|Any CPU.ActiveCfg = Debug|Any CPU
		{E43D8E94-864C-4BE8-B205-FF59AF63D77D}.Debug|Any CPU.Build.0 = Debug|Any CPU
		{E43D8E94-864C-4BE8-B205-FF59AF63D77D}.Release|Any CPU.ActiveCfg = Release|Any CPU
		{E43D8E94-864C-4BE8-B205-FF59AF63D77D}.Release|Any CPU.Build.0 = Release|Any CPU
		{A6C38269-4C5E-4E29-B267-E63448569CF1}.Debug|Any CPU.ActiveCfg = Debug|Any CPU
		{A6C38269-4C5E-4E29-B267-E63448569CF1}.Debug|Any CPU.Build.0 = Debug|Any CPU
		{A6C38269-4C5E-4E29-B267-E63448569CF1}.Release|Any CPU.ActiveCfg = Release|Any CPU
		{A6C38269-4C5E-4E29-B267-E63448569CF1}.Release|Any CPU.Build.0 = Release|Any CPU
		{971650AB-BB7E-4972-9507-79CECB2940A4}.Debug|Any CPU.ActiveCfg = Debug|Any CPU
		{971650AB-BB7E-4972-9507-79CECB2940A4}.Debug|Any CPU.Build.0 = Debug|Any CPU
		{971650AB-BB7E-4972-9507-79CECB2940A4}.Release|Any CPU.ActiveCfg = Release|Any CPU
		{971650AB-BB7E-4972-9507-79CECB2940A4}.Release|Any CPU.Build.0 = Release|Any CPU
	EndGlobalSection
EndGlobal
